
Microsoft Visual Studio Solution File, Format Version 12.00
# Visual Studio 14
VisualStudioVersion = 14.0.25420.1
MinimumVisualStudioVersion = 10.0.40219.1
Project("{2150E333-8FDC-42A3-9474-1A3956D46DE8}") = ".build", ".build", "{DE1D016E-F945-4416-B27E-B3DF0CDE53D2}"
	ProjectSection(SolutionItems) = preProject
		Build.proj = Build.proj
		.build\MSBuild.Community.Tasks.dll = .build\MSBuild.Community.Tasks.dll
		.build\MSBuild.Community.Tasks.targets = .build\MSBuild.Community.Tasks.targets
	EndProjectSection
EndProject
Project("{FAE04EC0-301F-11D3-BF4B-00C04F79EFBC}") = "Hdc.Toolkit", "..\src\Hdc.Toolkit\Hdc.Toolkit.csproj", "{2AEABE20-5E8F-4310-A228-66BD3D434683}"
EndProject
Project("{FAE04EC0-301F-11D3-BF4B-00C04F79EFBC}") = "Hdc.Mercury.Communication.OPC.Xi", "..\src\Hdc.Mercury.Communication.OPC.Xi\Hdc.Mercury.Communication.OPC.Xi.csproj", "{D93EE329-68D8-48FE-873E-E632B12D5B03}"
EndProject
Project("{FAE04EC0-301F-11D3-BF4B-00C04F79EFBC}") = "Hdc.Mercury", "..\src\Hdc.Mercury\Hdc.Mercury.csproj", "{D72F14A9-4848-4405-AA6E-99EBF8213609}"
EndProject
Project("{FAE04EC0-301F-11D3-BF4B-00C04F79EFBC}") = "Hdc.Toolkit.Prism", "..\src\Hdc.Toolkit.Prism\Hdc.Toolkit.Prism.csproj", "{AD8670C0-923C-4F6E-B38F-37C81FA163BC}"
EndProject
Project("{2150E333-8FDC-42A3-9474-1A3956D46DE8}") = "Common", "Common", "{9C2D176A-8577-4BC5-8A5A-732598F41DF4}"
EndProject
Project("{FAE04EC0-301F-11D3-BF4B-00C04F79EFBC}") = "Vins.ML.Build", "..\src\Vins.ML.Build\Vins.ML.Build.csproj", "{30DF3E60-A72C-434F-A8A4-FA337DC3D6DD}"
EndProject
Project("{FAE04EC0-301F-11D3-BF4B-00C04F79EFBC}") = "Vins.ML.MeasureStationService", "..\src\Vins.ML.MeasureStationService\Vins.ML.MeasureStationService.csproj", "{3F37FC67-438E-41E3-84DA-49140B343BEC}"
EndProject
Project("{FAE04EC0-301F-11D3-BF4B-00C04F79EFBC}") = "Hdc.FA.KeyenceLasers", "..\src\Hdc.FA.KeyenceLasers\Hdc.FA.KeyenceLasers.csproj", "{121C8767-E4C9-46D3-8B00-FC7552F466B1}"
EndProject
Project("{FAE04EC0-301F-11D3-BF4B-00C04F79EFBC}") = "Hdc.FA.ADLinkDAQ", "..\src\Hdc.FA.ADLinkDAQ\Hdc.FA.ADLinkDAQ.csproj", "{621ECD6B-14BD-43F6-8FB3-56207D6F7DDC}"
EndProject
Project("{FAE04EC0-301F-11D3-BF4B-00C04F79EFBC}") = "Vins.ML.DistributedServices", "..\src\Vins.ML.DistributedServices\Vins.ML.DistributedServices.csproj", "{FAB76198-E91D-4C54-9B34-AF4B047AE430}"
EndProject
Project("{FAE04EC0-301F-11D3-BF4B-00C04F79EFBC}") = "Vins.ML.Domain", "..\src\Vins.ML.Domain\Vins.ML.Domain.csproj", "{B247F46B-1700-485C-825C-0001B186E0AC}"
EndProject
Project("{FAE04EC0-301F-11D3-BF4B-00C04F79EFBC}") = "Hdc.Measuring", "..\src\Hdc.Measuring\Hdc.Measuring.csproj", "{42E6EC06-576C-4D5D-B05C-C15D6DBFE716}"
EndProject
Project("{FAE04EC0-301F-11D3-BF4B-00C04F79EFBC}") = "Hdc.Measuring.VinsML", "..\src\Hdc.Measuring.VinsML\Hdc.Measuring.VinsML.csproj", "{CE3190D1-222A-4890-9AC4-E6589120D8D5}"
EndProject
Project("{FAE04EC0-301F-11D3-BF4B-00C04F79EFBC}") = "Vins.ML.MeasureLineManager", "..\src\Vins.ML.MeasureLineManager\Vins.ML.MeasureLineManager.csproj", "{743CD518-EECF-4472-B14D-7D1098B9FB05}"
EndProject
Project("{FAE04EC0-301F-11D3-BF4B-00C04F79EFBC}") = "Vins.ML.MeasureStationMonitor", "..\src\Vins.ML.MeasureStationMonitor\Vins.ML.MeasureStationMonitor.csproj", "{4A399968-0E3B-4D16-8A93-3C150E4D8CAC}"
EndProject
Project("{FAE04EC0-301F-11D3-BF4B-00C04F79EFBC}") = "Vins.ML.Presentation.ViewModels", "..\src\Vins.ML.Presentation.ViewModels\Vins.ML.Presentation.ViewModels.csproj", "{5069C519-FFC1-4BCB-98D5-BD2ABABFC7CB}"
EndProject
Project("{FAE04EC0-301F-11D3-BF4B-00C04F79EFBC}") = "Vins.ML.Presentation.Views", "..\src\Vins.ML.Presentation.Views\Vins.ML.Presentation.Views.csproj", "{6441D023-CA5F-4D64-8989-0265E2632444}"
EndProject
Project("{FAE04EC0-301F-11D3-BF4B-00C04F79EFBC}") = "MeasureSchemaTool", "..\src\MeasureSchemaTool\MeasureSchemaTool.csproj", "{07632E1B-A1F1-4004-9DD9-91723DD7C251}"
EndProject
Project("{FAE04EC0-301F-11D3-BF4B-00C04F79EFBC}") = "Hdc.Mv", "..\src\Hdc.Mv\Hdc.Mv.csproj", "{1345186B-AF53-4DB9-A1D9-64EC7F14EE2F}"
EndProject
Project("{FAE04EC0-301F-11D3-BF4B-00C04F79EFBC}") = "Hdc.Mv.Mvvm", "..\src\Hdc.Mv.Mvvm\Hdc.Mv.Mvvm.csproj", "{C38572B8-C45A-4CB2-8376-944AA0F22150}"
EndProject
Project("{2150E333-8FDC-42A3-9474-1A3956D46DE8}") = "MV", "MV", "{CB4AC560-D186-4BB4-BEB2-AA70ED92AF07}"
EndProject
Project("{FAE04EC0-301F-11D3-BF4B-00C04F79EFBC}") = "Hdc.Mv.Controls", "..\src\Hdc.Mv.Controls\Hdc.Mv.Controls.csproj", "{E2C838D1-1F3C-4253-ABEC-0C325B4E6E43}"
EndProject
Project("{FAE04EC0-301F-11D3-BF4B-00C04F79EFBC}") = "Hdc.Mv.Halcon", "..\src\Hdc.Mv.Halcon\Hdc.Mv.Halcon.csproj", "{DF08645C-4F59-4FF1-B448-EA161E055504}"
EndProject
Project("{FAE04EC0-301F-11D3-BF4B-00C04F79EFBC}") = "Hdc.Mv.Halcon.Controls", "..\src\Hdc.Mv.Halcon.Controls\Hdc.Mv.Halcon.Controls.csproj", "{4799D047-2620-46AE-824F-A6CD80803F25}"
EndProject
Project("{FAE04EC0-301F-11D3-BF4B-00C04F79EFBC}") = "Hdc.Mv.Halcon.Mvvm", "..\src\Hdc.Mv.Halcon.Mvvm\Hdc.Mv.Halcon.Mvvm.csproj", "{E0FEC402-4E6D-449A-8C8B-09FAC99299F9}"
EndProject
Project("{FAE04EC0-301F-11D3-BF4B-00C04F79EFBC}") = "Hdc.Mv.ImageAcquisition.Halcon", "..\src\Hdc.Mv.ImageAcquisition.Halcon\Hdc.Mv.ImageAcquisition.Halcon.csproj", "{D9F2D502-991D-4985-92B6-ED810B2856D5}"
EndProject
Project("{FAE04EC0-301F-11D3-BF4B-00C04F79EFBC}") = "Hdc.Mv.ImageAcquisition.JAI", "..\src\Hdc.Mv.ImageAcquisition.JAI\Hdc.Mv.ImageAcquisition.JAI.csproj", "{E5FE173D-EE1B-46D5-9045-C7781EBDB0E0}"
EndProject
Project("{FAE04EC0-301F-11D3-BF4B-00C04F79EFBC}") = "Hdc.Mv.Inspection.Halcon.BatchInspector", "..\src\Hdc.Mv.Inspection.Halcon.BatchInspector\Hdc.Mv.Inspection.Halcon.BatchInspector.csproj", "{9EE03764-4F87-4D27-9C2A-D54E0228C326}"
EndProject
Project("{FAE04EC0-301F-11D3-BF4B-00C04F79EFBC}") = "Hdc.Mv.Inspection.Halcon.SampleApp", "..\src\Hdc.Mv.Inspection.Halcon.SampleApp\Hdc.Mv.Inspection.Halcon.SampleApp.csproj", "{9CC453F9-04C5-4E34-A749-C04ADCE99BB5}"
EndProject
Project("{FAE04EC0-301F-11D3-BF4B-00C04F79EFBC}") = "Hdc.Mv.Mercury", "..\src\Hdc.Mv.Mercury\Hdc.Mv.Mercury.csproj", "{017DE92A-3B76-4545-915B-7EEBA3280900}"
EndProject
Project("{FAE04EC0-301F-11D3-BF4B-00C04F79EFBC}") = "Hdc.Controls", "..\src\Hdc.Controls\Hdc.Controls.csproj", "{28619ECB-99C1-463C-9BEB-98EE74D594E7}"
EndProject
Project("{FAE04EC0-301F-11D3-BF4B-00C04F79EFBC}") = "Hdc.FA.ADLinkDAQx64", "..\src\Hdc.FA.ADLinkDAQx64\Hdc.FA.ADLinkDAQx64.csproj", "{21BFC38A-87CD-44DF-A08B-1EA731793CE4}"
EndProject
Project("{FAE04EC0-301F-11D3-BF4B-00C04F79EFBC}") = "Hdc.Controls.Theming.Metro", "..\src\Hdc.Controls.Theming.Metro\Hdc.Controls.Theming.Metro.csproj", "{37A17766-3868-46D3-9B50-B419CB53504A}"
EndProject
Project("{FAE04EC0-301F-11D3-BF4B-00C04F79EFBC}") = "Vins.ML.ImageMeasuringTool", "..\src\Vins.ML.ImageMeasuringTool\Vins.ML.ImageMeasuringTool.csproj", "{89AA2609-0E56-4302-9923-2D484FE3DB1D}"
EndProject
Project("{FAE04EC0-301F-11D3-BF4B-00C04F79EFBC}") = "Vins.ML.MeasureLineDataService", "..\src\Vins.ML.MeasureLineDataService\Vins.ML.MeasureLineDataService.csproj", "{3A36D5D5-B25C-42D6-B594-F5AFE23DB0E1}"
EndProject
Project("{FAE04EC0-301F-11D3-BF4B-00C04F79EFBC}") = "Hdc.Mv.ImageAcquisition.Silicon", "..\src\Hdc.Mv.ImageAcquisition.Silicon\Hdc.Mv.ImageAcquisition.Silicon.csproj", "{BFC8E88F-87B4-4506-9E9D-CE77BFA4631B}"
EndProject
Project("{FAE04EC0-301F-11D3-BF4B-00C04F79EFBC}") = "Vins.ML.OpcService", "..\src\Vins.ML.OpcService\Vins.ML.OpcService.csproj", "{E8A1949A-ECE1-4F80-984E-FA90A4BB66E9}"
EndProject
Project("{FAE04EC0-301F-11D3-BF4B-00C04F79EFBC}") = "Vins.ML.Toolkit", "..\src\Vins.ML.Toolkit\Vins.ML.Toolkit.csproj", "{4A2116E5-103D-4C41-98EB-AD84CF34D482}"
EndProject
Project("{FAE04EC0-301F-11D3-BF4B-00C04F79EFBC}") = "Hdc.Measuring.ADLink", "..\src\Hdc.Measuring.ADLink\Hdc.Measuring.ADLink.csproj", "{4D5C35C9-6C0B-45D2-AF7B-E33C72053E24}"
EndProject
Project("{FAE04EC0-301F-11D3-BF4B-00C04F79EFBC}") = "Hdc.Measuring.EasyNetQ", "..\src\Hdc.Measuring.EasyNetQ\Hdc.Measuring.EasyNetQ.csproj", "{FE0A7396-A691-42AC-9532-2B00B4ED9657}"
EndProject
Project("{FAE04EC0-301F-11D3-BF4B-00C04F79EFBC}") = "Hdc.Measuring.Epson", "..\src\Hdc.Measuring.Epson\Hdc.Measuring.Epson.csproj", "{988407CB-7C61-4992-814C-C1EA79738CB5}"
EndProject
Project("{FAE04EC0-301F-11D3-BF4B-00C04F79EFBC}") = "Hdc.Measuring.Opc", "..\src\Hdc.Measuring.Opc\Hdc.Measuring.Opc.csproj", "{1ADF139E-6F4A-4543-8B23-5807B0BABC31}"
EndProject
Project("{FAE04EC0-301F-11D3-BF4B-00C04F79EFBC}") = "Hdc.Measuring.JAI", "..\src\Hdc.Measuring.JAI\Hdc.Measuring.JAI.csproj", "{498B54E6-6F68-4B16-99A4-271FD9C56906}"
EndProject
Project("{FAE04EC0-301F-11D3-BF4B-00C04F79EFBC}") = "Hdc.Measuring.Keyence", "..\src\Hdc.Measuring.Keyence\Hdc.Measuring.Keyence.csproj", "{35D71BEA-FAC7-4157-B2EF-1D51E614D277}"
EndProject
Project("{FAE04EC0-301F-11D3-BF4B-00C04F79EFBC}") = "Hdc.Measuring.Halcon", "..\src\Hdc.Measuring.Halcon\Hdc.Measuring.Halcon.csproj", "{5CD58586-9E66-4E33-8013-0A56FFA4D7CA}"
EndProject
Project("{2150E333-8FDC-42A3-9474-1A3956D46DE8}") = "FA", "FA", "{49186A64-03F8-4665-9134-51C09B9FEFEA}"
EndProject
Project("{FAE04EC0-301F-11D3-BF4B-00C04F79EFBC}") = "Hdc.Measuring.Silicon", "..\src\Hdc.Measuring.Silicon\Hdc.Measuring.Silicon.csproj", "{C16EE71C-9D69-46E5-A99A-E13C29BF5364}"
EndProject
Project("{FAE04EC0-301F-11D3-BF4B-00C04F79EFBC}") = "Vins.ML.MeasureStationTest", "..\src\Vins.ML.MeasureStationTest\Vins.ML.MeasureStationTest.csproj", "{B941C006-235C-40DD-B2FC-BC4232772DF2}"
EndProject
Project("{2150E333-8FDC-42A3-9474-1A3956D46DE8}") = "Measuring", "Measuring", "{A38C6D61-645E-4084-8FA2-DDF13DBD2B57}"
EndProject
Project("{FAE04EC0-301F-11D3-BF4B-00C04F79EFBC}") = "MqTestClient", "..\src\MqTestClient\MqTestClient.csproj", "{3A24DC3E-3126-41B9-B9F9-D30FCE26E4E3}"
EndProject
Project("{FAE04EC0-301F-11D3-BF4B-00C04F79EFBC}") = "Hdc.Measuring.GoDEX", "..\src\Hdc.Measuring.GoDEX\Hdc.Measuring.GoDEX.csproj", "{BC9C07CA-5F33-4ACF-A3F1-44846F4B2431}"
EndProject
Project("{FAE04EC0-301F-11D3-BF4B-00C04F79EFBC}") = "Hdc.Measuring.Reporting", "..\src\Hdc.Measuring.Reporting\Hdc.Measuring.Reporting.csproj", "{D63AE434-F22A-4C36-8EC3-2A75280D5007}"
EndProject
Project("{FAE04EC0-301F-11D3-BF4B-00C04F79EFBC}") = "Vins.ML.MeasureStationService32", "..\src\Vins.ML.MeasureStationService32\Vins.ML.MeasureStationService32.csproj", "{2BE7B518-B753-4676-8FD2-70A5BAFED38A}"
EndProject
Project("{FAE04EC0-301F-11D3-BF4B-00C04F79EFBC}") = "Hdc.Mv.RobotVision.HandEyeCalibrator", "..\src\Hdc.Mv.RobotVision.HandEyeCalibrator\Hdc.Mv.RobotVision.HandEyeCalibrator.csproj", "{C7B72BD9-988B-4EB4-8BBF-3DEB79E7CA7D}"
EndProject
Project("{FAE04EC0-301F-11D3-BF4B-00C04F79EFBC}") = "Hdc.Mv.RobotVision.LocatingService", "..\src\Hdc.Mv.RobotVision.LocatingService\Hdc.Mv.RobotVision.LocatingService.csproj", "{6604BEFE-B5E6-4A24-9F50-174004DD4EB2}"
EndProject
Project("{FAE04EC0-301F-11D3-BF4B-00C04F79EFBC}") = "Vins.ML.MinitabSupport", "..\src\Vins.ML.MinitabSupport\Vins.ML.MinitabSupport.csproj", "{1969A3B8-838A-4418-9F95-4E6FD6272F2D}"
EndProject
Project("{FAE04EC0-301F-11D3-BF4B-00C04F79EFBC}") = "Hdc.Measuring.Minitab", "..\src\Hdc.Measuring.Minitab\Hdc.Measuring.Minitab.csproj", "{1B2DC2F3-9190-4083-BAA8-6D0F29788113}"
EndProject
Project("{FAE04EC0-301F-11D3-BF4B-00C04F79EFBC}") = "Vins.ML.MeasureStationLanucher", "..\src\Vins.ML.MeasureStationLanucher\Vins.ML.MeasureStationLanucher.csproj", "{B5881535-0C54-4475-8515-6B198C660273}"
EndProject
Project("{FAE04EC0-301F-11D3-BF4B-00C04F79EFBC}") = "Vins.ML.Infrastructure.Siaqodb", "..\src\Vins.ML.Infrastructure.Siaqodb\Vins.ML.Infrastructure.Siaqodb.csproj", "{C87336AA-05CC-4AB1-A7FA-DCDB77FE215C}"
EndProject
Project("{FAE04EC0-301F-11D3-BF4B-00C04F79EFBC}") = "Vins.ML.Infrastructure.NDatabase", "..\src\Vins.ML.Infrastructure.NDatabase\Vins.ML.Infrastructure.NDatabase.csproj", "{C2CD0031-BD6C-47A3-9E26-01AB5725448A}"
EndProject
Project("{FAE04EC0-301F-11D3-BF4B-00C04F79EFBC}") = "Vins.ML.Infrastructure", "..\src\Vins.ML.Infrastructure\Vins.ML.Infrastructure.csproj", "{EACD6B83-D2B5-46A3-A1B5-60553F8BA15B}"
EndProject
Project("{2150E333-8FDC-42A3-9474-1A3956D46DE8}") = "Tests", "Tests", "{BF280740-314D-4F45-9D62-40079957B464}"
EndProject
Project("{FAE04EC0-301F-11D3-BF4B-00C04F79EFBC}") = "Vins.ML.Infrastructure.Tests", "..\test\Vins.ML.Infrastructure.Tests\Vins.ML.Infrastructure.Tests.csproj", "{ED6FD6CC-4DCC-401D-B41C-737469BDBA57}"
EndProject
Project("{FAE04EC0-301F-11D3-BF4B-00C04F79EFBC}") = "Vins.ML.Infrastructure.EF", "..\src\Vins.ML.Infrastructure.EF\Vins.ML.Infrastructure.EF.csproj", "{18E0CACD-ACD7-4290-B3F7-E3B2AB04F7CD}"
EndProject
Project("{FAE04EC0-301F-11D3-BF4B-00C04F79EFBC}") = "Hdc.Measuring.OmronZW", "..\src\Hdc.Measuring.OmronZW\Hdc.Measuring.OmronZW.csproj", "{DA101C6E-9796-4D03-9C82-641FD02D9A65}"
EndProject
Project("{FAE04EC0-301F-11D3-BF4B-00C04F79EFBC}") = "ReportsMergeTool", "..\src\ReportsMergeTool\ReportsMergeTool.csproj", "{BDAA9AD8-FBD5-44EF-82D6-4F3EB0E465D1}"
EndProject
Project("{FAE04EC0-301F-11D3-BF4B-00C04F79EFBC}") = "Vins.ML.MeasureStationLanucher32", "..\src\Vins.ML.MeasureStationLanucher32\Vins.ML.MeasureStationLanucher32.csproj", "{4A60BCAD-B15A-4741-B56D-EB4EBC029BC1}"
EndProject
Project("{FAE04EC0-301F-11D3-BF4B-00C04F79EFBC}") = "Hdc.Mv.RobotVision.Epson", "..\src\Hdc.Mv.RobotVision.Epson\Hdc.Mv.RobotVision.Epson.csproj", "{33C8D51E-1443-4E32-82DF-B0A712C2D773}"
EndProject
Project("{2150E333-8FDC-42A3-9474-1A3956D46DE8}") = "RobotVision", "RobotVision", "{91E1A192-3D23-4E7C-8F9F-C1E69860A9EB}"
EndProject
Project("{2150E333-8FDC-42A3-9474-1A3956D46DE8}") = "_TBDs", "_TBDs", "{CCC6335E-3457-467E-8E2A-A5302EE14FDC}"
EndProject
Project("{FAE04EC0-301F-11D3-BF4B-00C04F79EFBC}") = "Hdc.Measuring.EsponTcpSrv", "..\src\Hdc.Measuring.EsponTcpSrv\Hdc.Measuring.EsponTcpSrv.csproj", "{89F0F8DB-EEE5-452B-A304-8F752129B1EE}"
EndProject
Project("{FAE04EC0-301F-11D3-BF4B-00C04F79EFBC}") = "Hdc.Measuring.FocalSpec", "..\src\Hdc.Measuring.FocalSpec\Hdc.Measuring.FocalSpec.csproj", "{36C72C14-75C6-4225-BCC2-9C58F52C4ABD}"
EndProject
Project("{FAE04EC0-301F-11D3-BF4B-00C04F79EFBC}") = "Hdc.Measuring.QueueScheduling", "..\src\Hdc.Measuring.QueueScheduling\Hdc.Measuring.QueueScheduling.csproj", "{377D4571-0138-495B-95E2-A613E01DDED7}"
EndProject
Project("{FAE04EC0-301F-11D3-BF4B-00C04F79EFBC}") = "Vins.ML.OpcService.DXP", "..\src\Vins.ML.OpcService.DXP\Vins.ML.OpcService.DXP.csproj", "{927CA711-744B-44E3-BF41-7A5BA1A1BBEB}"
EndProject
Global
	GlobalSection(SolutionConfigurationPlatforms) = preSolution
		Debug|Any CPU = Debug|Any CPU
		Release|Any CPU = Release|Any CPU
	EndGlobalSection
	GlobalSection(ProjectConfigurationPlatforms) = postSolution
		{2AEABE20-5E8F-4310-A228-66BD3D434683}.Debug|Any CPU.ActiveCfg = Debug|Any CPU
		{2AEABE20-5E8F-4310-A228-66BD3D434683}.Debug|Any CPU.Build.0 = Debug|Any CPU
		{2AEABE20-5E8F-4310-A228-66BD3D434683}.Release|Any CPU.ActiveCfg = Release|Any CPU
		{2AEABE20-5E8F-4310-A228-66BD3D434683}.Release|Any CPU.Build.0 = Release|Any CPU
		{D93EE329-68D8-48FE-873E-E632B12D5B03}.Debug|Any CPU.ActiveCfg = Debug|Any CPU
		{D93EE329-68D8-48FE-873E-E632B12D5B03}.Debug|Any CPU.Build.0 = Debug|Any CPU
		{D93EE329-68D8-48FE-873E-E632B12D5B03}.Release|Any CPU.ActiveCfg = Release|Any CPU
		{D93EE329-68D8-48FE-873E-E632B12D5B03}.Release|Any CPU.Build.0 = Release|Any CPU
		{D72F14A9-4848-4405-AA6E-99EBF8213609}.Debug|Any CPU.ActiveCfg = Debug|Any CPU
		{D72F14A9-4848-4405-AA6E-99EBF8213609}.Debug|Any CPU.Build.0 = Debug|Any CPU
		{D72F14A9-4848-4405-AA6E-99EBF8213609}.Release|Any CPU.ActiveCfg = Release|Any CPU
		{D72F14A9-4848-4405-AA6E-99EBF8213609}.Release|Any CPU.Build.0 = Release|Any CPU
		{AD8670C0-923C-4F6E-B38F-37C81FA163BC}.Debug|Any CPU.ActiveCfg = Debug|Any CPU
		{AD8670C0-923C-4F6E-B38F-37C81FA163BC}.Debug|Any CPU.Build.0 = Debug|Any CPU
		{AD8670C0-923C-4F6E-B38F-37C81FA163BC}.Release|Any CPU.ActiveCfg = Release|Any CPU
		{AD8670C0-923C-4F6E-B38F-37C81FA163BC}.Release|Any CPU.Build.0 = Release|Any CPU
		{30DF3E60-A72C-434F-A8A4-FA337DC3D6DD}.Debug|Any CPU.ActiveCfg = Debug|Any CPU
		{30DF3E60-A72C-434F-A8A4-FA337DC3D6DD}.Debug|Any CPU.Build.0 = Debug|Any CPU
		{30DF3E60-A72C-434F-A8A4-FA337DC3D6DD}.Release|Any CPU.ActiveCfg = Release|Any CPU
		{30DF3E60-A72C-434F-A8A4-FA337DC3D6DD}.Release|Any CPU.Build.0 = Release|Any CPU
		{3F37FC67-438E-41E3-84DA-49140B343BEC}.Debug|Any CPU.ActiveCfg = Debug|Any CPU
		{3F37FC67-438E-41E3-84DA-49140B343BEC}.Debug|Any CPU.Build.0 = Debug|Any CPU
		{3F37FC67-438E-41E3-84DA-49140B343BEC}.Release|Any CPU.ActiveCfg = Release|Any CPU
		{3F37FC67-438E-41E3-84DA-49140B343BEC}.Release|Any CPU.Build.0 = Release|Any CPU
		{121C8767-E4C9-46D3-8B00-FC7552F466B1}.Debug|Any CPU.ActiveCfg = Debug|Any CPU
		{121C8767-E4C9-46D3-8B00-FC7552F466B1}.Debug|Any CPU.Build.0 = Debug|Any CPU
		{121C8767-E4C9-46D3-8B00-FC7552F466B1}.Release|Any CPU.ActiveCfg = Release|Any CPU
		{121C8767-E4C9-46D3-8B00-FC7552F466B1}.Release|Any CPU.Build.0 = Release|Any CPU
		{621ECD6B-14BD-43F6-8FB3-56207D6F7DDC}.Debug|Any CPU.ActiveCfg = Debug|Any CPU
		{621ECD6B-14BD-43F6-8FB3-56207D6F7DDC}.Debug|Any CPU.Build.0 = Debug|Any CPU
		{621ECD6B-14BD-43F6-8FB3-56207D6F7DDC}.Release|Any CPU.ActiveCfg = Release|Any CPU
		{621ECD6B-14BD-43F6-8FB3-56207D6F7DDC}.Release|Any CPU.Build.0 = Release|Any CPU
		{FAB76198-E91D-4C54-9B34-AF4B047AE430}.Debug|Any CPU.ActiveCfg = Debug|Any CPU
		{FAB76198-E91D-4C54-9B34-AF4B047AE430}.Debug|Any CPU.Build.0 = Debug|Any CPU
		{FAB76198-E91D-4C54-9B34-AF4B047AE430}.Release|Any CPU.ActiveCfg = Release|Any CPU
		{FAB76198-E91D-4C54-9B34-AF4B047AE430}.Release|Any CPU.Build.0 = Release|Any CPU
		{B247F46B-1700-485C-825C-0001B186E0AC}.Debug|Any CPU.ActiveCfg = Debug|Any CPU
		{B247F46B-1700-485C-825C-0001B186E0AC}.Debug|Any CPU.Build.0 = Debug|Any CPU
		{B247F46B-1700-485C-825C-0001B186E0AC}.Release|Any CPU.ActiveCfg = Release|Any CPU
		{B247F46B-1700-485C-825C-0001B186E0AC}.Release|Any CPU.Build.0 = Release|Any CPU
		{42E6EC06-576C-4D5D-B05C-C15D6DBFE716}.Debug|Any CPU.ActiveCfg = Debug|Any CPU
		{42E6EC06-576C-4D5D-B05C-C15D6DBFE716}.Debug|Any CPU.Build.0 = Debug|Any CPU
		{42E6EC06-576C-4D5D-B05C-C15D6DBFE716}.Release|Any CPU.ActiveCfg = Release|Any CPU
		{42E6EC06-576C-4D5D-B05C-C15D6DBFE716}.Release|Any CPU.Build.0 = Release|Any CPU
		{CE3190D1-222A-4890-9AC4-E6589120D8D5}.Debug|Any CPU.ActiveCfg = Debug|Any CPU
		{CE3190D1-222A-4890-9AC4-E6589120D8D5}.Debug|Any CPU.Build.0 = Debug|Any CPU
		{CE3190D1-222A-4890-9AC4-E6589120D8D5}.Release|Any CPU.ActiveCfg = Release|Any CPU
		{CE3190D1-222A-4890-9AC4-E6589120D8D5}.Release|Any CPU.Build.0 = Release|Any CPU
		{743CD518-EECF-4472-B14D-7D1098B9FB05}.Debug|Any CPU.ActiveCfg = Debug|Any CPU
		{743CD518-EECF-4472-B14D-7D1098B9FB05}.Debug|Any CPU.Build.0 = Debug|Any CPU
		{743CD518-EECF-4472-B14D-7D1098B9FB05}.Release|Any CPU.ActiveCfg = Release|Any CPU
		{743CD518-EECF-4472-B14D-7D1098B9FB05}.Release|Any CPU.Build.0 = Release|Any CPU
		{4A399968-0E3B-4D16-8A93-3C150E4D8CAC}.Debug|Any CPU.ActiveCfg = Debug|Any CPU
		{4A399968-0E3B-4D16-8A93-3C150E4D8CAC}.Debug|Any CPU.Build.0 = Debug|Any CPU
		{4A399968-0E3B-4D16-8A93-3C150E4D8CAC}.Release|Any CPU.ActiveCfg = Release|Any CPU
		{4A399968-0E3B-4D16-8A93-3C150E4D8CAC}.Release|Any CPU.Build.0 = Release|Any CPU
		{5069C519-FFC1-4BCB-98D5-BD2ABABFC7CB}.Debug|Any CPU.ActiveCfg = Debug|Any CPU
		{5069C519-FFC1-4BCB-98D5-BD2ABABFC7CB}.Debug|Any CPU.Build.0 = Debug|Any CPU
		{5069C519-FFC1-4BCB-98D5-BD2ABABFC7CB}.Release|Any CPU.ActiveCfg = Release|Any CPU
		{5069C519-FFC1-4BCB-98D5-BD2ABABFC7CB}.Release|Any CPU.Build.0 = Release|Any CPU
		{6441D023-CA5F-4D64-8989-0265E2632444}.Debug|Any CPU.ActiveCfg = Debug|Any CPU
		{6441D023-CA5F-4D64-8989-0265E2632444}.Debug|Any CPU.Build.0 = Debug|Any CPU
		{6441D023-CA5F-4D64-8989-0265E2632444}.Release|Any CPU.ActiveCfg = Release|Any CPU
		{6441D023-CA5F-4D64-8989-0265E2632444}.Release|Any CPU.Build.0 = Release|Any CPU
		{07632E1B-A1F1-4004-9DD9-91723DD7C251}.Debug|Any CPU.ActiveCfg = Debug|Any CPU
		{07632E1B-A1F1-4004-9DD9-91723DD7C251}.Debug|Any CPU.Build.0 = Debug|Any CPU
		{07632E1B-A1F1-4004-9DD9-91723DD7C251}.Release|Any CPU.ActiveCfg = Release|Any CPU
		{07632E1B-A1F1-4004-9DD9-91723DD7C251}.Release|Any CPU.Build.0 = Release|Any CPU
		{1345186B-AF53-4DB9-A1D9-64EC7F14EE2F}.Debug|Any CPU.ActiveCfg = Debug|Any CPU
		{1345186B-AF53-4DB9-A1D9-64EC7F14EE2F}.Debug|Any CPU.Build.0 = Debug|Any CPU
		{1345186B-AF53-4DB9-A1D9-64EC7F14EE2F}.Release|Any CPU.ActiveCfg = Release|Any CPU
		{1345186B-AF53-4DB9-A1D9-64EC7F14EE2F}.Release|Any CPU.Build.0 = Release|Any CPU
		{C38572B8-C45A-4CB2-8376-944AA0F22150}.Debug|Any CPU.ActiveCfg = Debug|Any CPU
		{C38572B8-C45A-4CB2-8376-944AA0F22150}.Debug|Any CPU.Build.0 = Debug|Any CPU
		{C38572B8-C45A-4CB2-8376-944AA0F22150}.Release|Any CPU.ActiveCfg = Release|Any CPU
		{C38572B8-C45A-4CB2-8376-944AA0F22150}.Release|Any CPU.Build.0 = Release|Any CPU
		{E2C838D1-1F3C-4253-ABEC-0C325B4E6E43}.Debug|Any CPU.ActiveCfg = Debug|Any CPU
		{E2C838D1-1F3C-4253-ABEC-0C325B4E6E43}.Debug|Any CPU.Build.0 = Debug|Any CPU
		{E2C838D1-1F3C-4253-ABEC-0C325B4E6E43}.Release|Any CPU.ActiveCfg = Release|Any CPU
		{E2C838D1-1F3C-4253-ABEC-0C325B4E6E43}.Release|Any CPU.Build.0 = Release|Any CPU
		{DF08645C-4F59-4FF1-B448-EA161E055504}.Debug|Any CPU.ActiveCfg = Debug|Any CPU
		{DF08645C-4F59-4FF1-B448-EA161E055504}.Debug|Any CPU.Build.0 = Debug|Any CPU
		{DF08645C-4F59-4FF1-B448-EA161E055504}.Release|Any CPU.ActiveCfg = Release|Any CPU
		{DF08645C-4F59-4FF1-B448-EA161E055504}.Release|Any CPU.Build.0 = Release|Any CPU
		{4799D047-2620-46AE-824F-A6CD80803F25}.Debug|Any CPU.ActiveCfg = Debug|Any CPU
		{4799D047-2620-46AE-824F-A6CD80803F25}.Debug|Any CPU.Build.0 = Debug|Any CPU
		{4799D047-2620-46AE-824F-A6CD80803F25}.Release|Any CPU.ActiveCfg = Release|Any CPU
		{4799D047-2620-46AE-824F-A6CD80803F25}.Release|Any CPU.Build.0 = Release|Any CPU
		{E0FEC402-4E6D-449A-8C8B-09FAC99299F9}.Debug|Any CPU.ActiveCfg = Debug|Any CPU
		{E0FEC402-4E6D-449A-8C8B-09FAC99299F9}.Debug|Any CPU.Build.0 = Debug|Any CPU
		{E0FEC402-4E6D-449A-8C8B-09FAC99299F9}.Release|Any CPU.ActiveCfg = Release|Any CPU
		{E0FEC402-4E6D-449A-8C8B-09FAC99299F9}.Release|Any CPU.Build.0 = Release|Any CPU
		{D9F2D502-991D-4985-92B6-ED810B2856D5}.Debug|Any CPU.ActiveCfg = Debug|Any CPU
		{D9F2D502-991D-4985-92B6-ED810B2856D5}.Debug|Any CPU.Build.0 = Debug|Any CPU
		{D9F2D502-991D-4985-92B6-ED810B2856D5}.Release|Any CPU.ActiveCfg = Release|Any CPU
		{D9F2D502-991D-4985-92B6-ED810B2856D5}.Release|Any CPU.Build.0 = Release|Any CPU
		{E5FE173D-EE1B-46D5-9045-C7781EBDB0E0}.Debug|Any CPU.ActiveCfg = Debug|Any CPU
		{E5FE173D-EE1B-46D5-9045-C7781EBDB0E0}.Debug|Any CPU.Build.0 = Debug|Any CPU
		{E5FE173D-EE1B-46D5-9045-C7781EBDB0E0}.Release|Any CPU.ActiveCfg = Release|Any CPU
		{E5FE173D-EE1B-46D5-9045-C7781EBDB0E0}.Release|Any CPU.Build.0 = Release|Any CPU
		{9EE03764-4F87-4D27-9C2A-D54E0228C326}.Debug|Any CPU.ActiveCfg = Debug|Any CPU
		{9EE03764-4F87-4D27-9C2A-D54E0228C326}.Debug|Any CPU.Build.0 = Debug|Any CPU
		{9EE03764-4F87-4D27-9C2A-D54E0228C326}.Release|Any CPU.ActiveCfg = Release|Any CPU
		{9EE03764-4F87-4D27-9C2A-D54E0228C326}.Release|Any CPU.Build.0 = Release|Any CPU
		{9CC453F9-04C5-4E34-A749-C04ADCE99BB5}.Debug|Any CPU.ActiveCfg = Debug|Any CPU
		{9CC453F9-04C5-4E34-A749-C04ADCE99BB5}.Debug|Any CPU.Build.0 = Debug|Any CPU
		{9CC453F9-04C5-4E34-A749-C04ADCE99BB5}.Release|Any CPU.ActiveCfg = Release|Any CPU
		{9CC453F9-04C5-4E34-A749-C04ADCE99BB5}.Release|Any CPU.Build.0 = Release|Any CPU
		{017DE92A-3B76-4545-915B-7EEBA3280900}.Debug|Any CPU.ActiveCfg = Debug|Any CPU
		{017DE92A-3B76-4545-915B-7EEBA3280900}.Debug|Any CPU.Build.0 = Debug|Any CPU
		{017DE92A-3B76-4545-915B-7EEBA3280900}.Release|Any CPU.ActiveCfg = Release|Any CPU
		{017DE92A-3B76-4545-915B-7EEBA3280900}.Release|Any CPU.Build.0 = Release|Any CPU
		{28619ECB-99C1-463C-9BEB-98EE74D594E7}.Debug|Any CPU.ActiveCfg = Debug|Any CPU
		{28619ECB-99C1-463C-9BEB-98EE74D594E7}.Debug|Any CPU.Build.0 = Debug|Any CPU
		{28619ECB-99C1-463C-9BEB-98EE74D594E7}.Release|Any CPU.ActiveCfg = Release|Any CPU
		{28619ECB-99C1-463C-9BEB-98EE74D594E7}.Release|Any CPU.Build.0 = Release|Any CPU
		{21BFC38A-87CD-44DF-A08B-1EA731793CE4}.Debug|Any CPU.ActiveCfg = Debug|Any CPU
		{21BFC38A-87CD-44DF-A08B-1EA731793CE4}.Debug|Any CPU.Build.0 = Debug|Any CPU
		{21BFC38A-87CD-44DF-A08B-1EA731793CE4}.Release|Any CPU.ActiveCfg = Release|Any CPU
		{21BFC38A-87CD-44DF-A08B-1EA731793CE4}.Release|Any CPU.Build.0 = Release|Any CPU
		{37A17766-3868-46D3-9B50-B419CB53504A}.Debug|Any CPU.ActiveCfg = Debug|Any CPU
		{37A17766-3868-46D3-9B50-B419CB53504A}.Debug|Any CPU.Build.0 = Debug|Any CPU
		{37A17766-3868-46D3-9B50-B419CB53504A}.Release|Any CPU.ActiveCfg = Release|Any CPU
		{37A17766-3868-46D3-9B50-B419CB53504A}.Release|Any CPU.Build.0 = Release|Any CPU
		{89AA2609-0E56-4302-9923-2D484FE3DB1D}.Debug|Any CPU.ActiveCfg = Debug|Any CPU
		{89AA2609-0E56-4302-9923-2D484FE3DB1D}.Debug|Any CPU.Build.0 = Debug|Any CPU
		{89AA2609-0E56-4302-9923-2D484FE3DB1D}.Release|Any CPU.ActiveCfg = Release|Any CPU
		{89AA2609-0E56-4302-9923-2D484FE3DB1D}.Release|Any CPU.Build.0 = Release|Any CPU
		{3A36D5D5-B25C-42D6-B594-F5AFE23DB0E1}.Debug|Any CPU.ActiveCfg = Debug|Any CPU
		{3A36D5D5-B25C-42D6-B594-F5AFE23DB0E1}.Debug|Any CPU.Build.0 = Debug|Any CPU
		{3A36D5D5-B25C-42D6-B594-F5AFE23DB0E1}.Release|Any CPU.ActiveCfg = Release|Any CPU
		{3A36D5D5-B25C-42D6-B594-F5AFE23DB0E1}.Release|Any CPU.Build.0 = Release|Any CPU
		{BFC8E88F-87B4-4506-9E9D-CE77BFA4631B}.Debug|Any CPU.ActiveCfg = Debug|Any CPU
		{BFC8E88F-87B4-4506-9E9D-CE77BFA4631B}.Debug|Any CPU.Build.0 = Debug|Any CPU
		{BFC8E88F-87B4-4506-9E9D-CE77BFA4631B}.Release|Any CPU.ActiveCfg = Release|Any CPU
		{BFC8E88F-87B4-4506-9E9D-CE77BFA4631B}.Release|Any CPU.Build.0 = Release|Any CPU
		{E8A1949A-ECE1-4F80-984E-FA90A4BB66E9}.Debug|Any CPU.ActiveCfg = Debug|Any CPU
		{E8A1949A-ECE1-4F80-984E-FA90A4BB66E9}.Debug|Any CPU.Build.0 = Debug|Any CPU
		{E8A1949A-ECE1-4F80-984E-FA90A4BB66E9}.Release|Any CPU.ActiveCfg = Release|Any CPU
		{E8A1949A-ECE1-4F80-984E-FA90A4BB66E9}.Release|Any CPU.Build.0 = Release|Any CPU
		{4A2116E5-103D-4C41-98EB-AD84CF34D482}.Debug|Any CPU.ActiveCfg = Debug|Any CPU
		{4A2116E5-103D-4C41-98EB-AD84CF34D482}.Debug|Any CPU.Build.0 = Debug|Any CPU
		{4A2116E5-103D-4C41-98EB-AD84CF34D482}.Release|Any CPU.ActiveCfg = Release|Any CPU
		{4A2116E5-103D-4C41-98EB-AD84CF34D482}.Release|Any CPU.Build.0 = Release|Any CPU
		{4D5C35C9-6C0B-45D2-AF7B-E33C72053E24}.Debug|Any CPU.ActiveCfg = Debug|Any CPU
		{4D5C35C9-6C0B-45D2-AF7B-E33C72053E24}.Debug|Any CPU.Build.0 = Debug|Any CPU
		{4D5C35C9-6C0B-45D2-AF7B-E33C72053E24}.Release|Any CPU.ActiveCfg = Release|Any CPU
		{4D5C35C9-6C0B-45D2-AF7B-E33C72053E24}.Release|Any CPU.Build.0 = Release|Any CPU
		{FE0A7396-A691-42AC-9532-2B00B4ED9657}.Debug|Any CPU.ActiveCfg = Debug|Any CPU
		{FE0A7396-A691-42AC-9532-2B00B4ED9657}.Debug|Any CPU.Build.0 = Debug|Any CPU
		{FE0A7396-A691-42AC-9532-2B00B4ED9657}.Release|Any CPU.ActiveCfg = Release|Any CPU
		{FE0A7396-A691-42AC-9532-2B00B4ED9657}.Release|Any CPU.Build.0 = Release|Any CPU
		{988407CB-7C61-4992-814C-C1EA79738CB5}.Debug|Any CPU.ActiveCfg = Debug|Any CPU
		{988407CB-7C61-4992-814C-C1EA79738CB5}.Debug|Any CPU.Build.0 = Debug|Any CPU
		{988407CB-7C61-4992-814C-C1EA79738CB5}.Release|Any CPU.ActiveCfg = Release|Any CPU
		{988407CB-7C61-4992-814C-C1EA79738CB5}.Release|Any CPU.Build.0 = Release|Any CPU
		{1ADF139E-6F4A-4543-8B23-5807B0BABC31}.Debug|Any CPU.ActiveCfg = Debug|Any CPU
		{1ADF139E-6F4A-4543-8B23-5807B0BABC31}.Debug|Any CPU.Build.0 = Debug|Any CPU
		{1ADF139E-6F4A-4543-8B23-5807B0BABC31}.Release|Any CPU.ActiveCfg = Release|Any CPU
		{1ADF139E-6F4A-4543-8B23-5807B0BABC31}.Release|Any CPU.Build.0 = Release|Any CPU
		{498B54E6-6F68-4B16-99A4-271FD9C56906}.Debug|Any CPU.ActiveCfg = Debug|Any CPU
		{498B54E6-6F68-4B16-99A4-271FD9C56906}.Debug|Any CPU.Build.0 = Debug|Any CPU
		{498B54E6-6F68-4B16-99A4-271FD9C56906}.Release|Any CPU.ActiveCfg = Release|Any CPU
		{498B54E6-6F68-4B16-99A4-271FD9C56906}.Release|Any CPU.Build.0 = Release|Any CPU
		{35D71BEA-FAC7-4157-B2EF-1D51E614D277}.Debug|Any CPU.ActiveCfg = Debug|Any CPU
		{35D71BEA-FAC7-4157-B2EF-1D51E614D277}.Debug|Any CPU.Build.0 = Debug|Any CPU
		{35D71BEA-FAC7-4157-B2EF-1D51E614D277}.Release|Any CPU.ActiveCfg = Release|Any CPU
		{35D71BEA-FAC7-4157-B2EF-1D51E614D277}.Release|Any CPU.Build.0 = Release|Any CPU
		{5CD58586-9E66-4E33-8013-0A56FFA4D7CA}.Debug|Any CPU.ActiveCfg = Debug|Any CPU
		{5CD58586-9E66-4E33-8013-0A56FFA4D7CA}.Debug|Any CPU.Build.0 = Debug|Any CPU
		{5CD58586-9E66-4E33-8013-0A56FFA4D7CA}.Release|Any CPU.ActiveCfg = Release|Any CPU
		{5CD58586-9E66-4E33-8013-0A56FFA4D7CA}.Release|Any CPU.Build.0 = Release|Any CPU
		{C16EE71C-9D69-46E5-A99A-E13C29BF5364}.Debug|Any CPU.ActiveCfg = Debug|Any CPU
		{C16EE71C-9D69-46E5-A99A-E13C29BF5364}.Debug|Any CPU.Build.0 = Debug|Any CPU
		{C16EE71C-9D69-46E5-A99A-E13C29BF5364}.Release|Any CPU.ActiveCfg = Release|Any CPU
		{C16EE71C-9D69-46E5-A99A-E13C29BF5364}.Release|Any CPU.Build.0 = Release|Any CPU
		{B941C006-235C-40DD-B2FC-BC4232772DF2}.Debug|Any CPU.ActiveCfg = Debug|Any CPU
		{B941C006-235C-40DD-B2FC-BC4232772DF2}.Debug|Any CPU.Build.0 = Debug|Any CPU
		{B941C006-235C-40DD-B2FC-BC4232772DF2}.Release|Any CPU.ActiveCfg = Release|Any CPU
		{B941C006-235C-40DD-B2FC-BC4232772DF2}.Release|Any CPU.Build.0 = Release|Any CPU
		{3A24DC3E-3126-41B9-B9F9-D30FCE26E4E3}.Debug|Any CPU.ActiveCfg = Debug|Any CPU
		{3A24DC3E-3126-41B9-B9F9-D30FCE26E4E3}.Debug|Any CPU.Build.0 = Debug|Any CPU
		{3A24DC3E-3126-41B9-B9F9-D30FCE26E4E3}.Release|Any CPU.ActiveCfg = Release|Any CPU
		{3A24DC3E-3126-41B9-B9F9-D30FCE26E4E3}.Release|Any CPU.Build.0 = Release|Any CPU
		{BC9C07CA-5F33-4ACF-A3F1-44846F4B2431}.Debug|Any CPU.ActiveCfg = Debug|Any CPU
		{BC9C07CA-5F33-4ACF-A3F1-44846F4B2431}.Debug|Any CPU.Build.0 = Debug|Any CPU
		{BC9C07CA-5F33-4ACF-A3F1-44846F4B2431}.Release|Any CPU.ActiveCfg = Release|Any CPU
		{BC9C07CA-5F33-4ACF-A3F1-44846F4B2431}.Release|Any CPU.Build.0 = Release|Any CPU
		{D63AE434-F22A-4C36-8EC3-2A75280D5007}.Debug|Any CPU.ActiveCfg = Debug|Any CPU
		{D63AE434-F22A-4C36-8EC3-2A75280D5007}.Debug|Any CPU.Build.0 = Debug|Any CPU
		{D63AE434-F22A-4C36-8EC3-2A75280D5007}.Release|Any CPU.ActiveCfg = Release|Any CPU
		{D63AE434-F22A-4C36-8EC3-2A75280D5007}.Release|Any CPU.Build.0 = Release|Any CPU
		{2BE7B518-B753-4676-8FD2-70A5BAFED38A}.Debug|Any CPU.ActiveCfg = Debug|Any CPU
		{2BE7B518-B753-4676-8FD2-70A5BAFED38A}.Debug|Any CPU.Build.0 = Debug|Any CPU
		{2BE7B518-B753-4676-8FD2-70A5BAFED38A}.Release|Any CPU.ActiveCfg = Release|Any CPU
		{2BE7B518-B753-4676-8FD2-70A5BAFED38A}.Release|Any CPU.Build.0 = Release|Any CPU
		{C7B72BD9-988B-4EB4-8BBF-3DEB79E7CA7D}.Debug|Any CPU.ActiveCfg = Debug|Any CPU
		{C7B72BD9-988B-4EB4-8BBF-3DEB79E7CA7D}.Debug|Any CPU.Build.0 = Debug|Any CPU
		{C7B72BD9-988B-4EB4-8BBF-3DEB79E7CA7D}.Release|Any CPU.ActiveCfg = Release|Any CPU
		{C7B72BD9-988B-4EB4-8BBF-3DEB79E7CA7D}.Release|Any CPU.Build.0 = Release|Any CPU
		{6604BEFE-B5E6-4A24-9F50-174004DD4EB2}.Debug|Any CPU.ActiveCfg = Debug|Any CPU
		{6604BEFE-B5E6-4A24-9F50-174004DD4EB2}.Debug|Any CPU.Build.0 = Debug|Any CPU
		{6604BEFE-B5E6-4A24-9F50-174004DD4EB2}.Release|Any CPU.ActiveCfg = Release|Any CPU
		{6604BEFE-B5E6-4A24-9F50-174004DD4EB2}.Release|Any CPU.Build.0 = Release|Any CPU
		{1969A3B8-838A-4418-9F95-4E6FD6272F2D}.Debug|Any CPU.ActiveCfg = Debug|Any CPU
		{1969A3B8-838A-4418-9F95-4E6FD6272F2D}.Debug|Any CPU.Build.0 = Debug|Any CPU
		{1969A3B8-838A-4418-9F95-4E6FD6272F2D}.Release|Any CPU.ActiveCfg = Release|Any CPU
		{1969A3B8-838A-4418-9F95-4E6FD6272F2D}.Release|Any CPU.Build.0 = Release|Any CPU
		{1B2DC2F3-9190-4083-BAA8-6D0F29788113}.Debug|Any CPU.ActiveCfg = Debug|Any CPU
		{1B2DC2F3-9190-4083-BAA8-6D0F29788113}.Debug|Any CPU.Build.0 = Debug|Any CPU
		{1B2DC2F3-9190-4083-BAA8-6D0F29788113}.Release|Any CPU.ActiveCfg = Release|Any CPU
		{1B2DC2F3-9190-4083-BAA8-6D0F29788113}.Release|Any CPU.Build.0 = Release|Any CPU
		{B5881535-0C54-4475-8515-6B198C660273}.Debug|Any CPU.ActiveCfg = Debug|Any CPU
		{B5881535-0C54-4475-8515-6B198C660273}.Debug|Any CPU.Build.0 = Debug|Any CPU
		{B5881535-0C54-4475-8515-6B198C660273}.Release|Any CPU.ActiveCfg = Release|Any CPU
		{B5881535-0C54-4475-8515-6B198C660273}.Release|Any CPU.Build.0 = Release|Any CPU
		{C87336AA-05CC-4AB1-A7FA-DCDB77FE215C}.Debug|Any CPU.ActiveCfg = Debug|Any CPU
		{C87336AA-05CC-4AB1-A7FA-DCDB77FE215C}.Debug|Any CPU.Build.0 = Debug|Any CPU
		{C87336AA-05CC-4AB1-A7FA-DCDB77FE215C}.Release|Any CPU.ActiveCfg = Release|Any CPU
		{C87336AA-05CC-4AB1-A7FA-DCDB77FE215C}.Release|Any CPU.Build.0 = Release|Any CPU
		{C2CD0031-BD6C-47A3-9E26-01AB5725448A}.Debug|Any CPU.ActiveCfg = Debug|Any CPU
		{C2CD0031-BD6C-47A3-9E26-01AB5725448A}.Debug|Any CPU.Build.0 = Debug|Any CPU
		{C2CD0031-BD6C-47A3-9E26-01AB5725448A}.Release|Any CPU.ActiveCfg = Release|Any CPU
		{C2CD0031-BD6C-47A3-9E26-01AB5725448A}.Release|Any CPU.Build.0 = Release|Any CPU
		{EACD6B83-D2B5-46A3-A1B5-60553F8BA15B}.Debug|Any CPU.ActiveCfg = Debug|Any CPU
		{EACD6B83-D2B5-46A3-A1B5-60553F8BA15B}.Debug|Any CPU.Build.0 = Debug|Any CPU
		{EACD6B83-D2B5-46A3-A1B5-60553F8BA15B}.Release|Any CPU.ActiveCfg = Release|Any CPU
		{EACD6B83-D2B5-46A3-A1B5-60553F8BA15B}.Release|Any CPU.Build.0 = Release|Any CPU
		{ED6FD6CC-4DCC-401D-B41C-737469BDBA57}.Debug|Any CPU.ActiveCfg = Debug|Any CPU
		{ED6FD6CC-4DCC-401D-B41C-737469BDBA57}.Debug|Any CPU.Build.0 = Debug|Any CPU
		{ED6FD6CC-4DCC-401D-B41C-737469BDBA57}.Release|Any CPU.ActiveCfg = Release|Any CPU
		{ED6FD6CC-4DCC-401D-B41C-737469BDBA57}.Release|Any CPU.Build.0 = Release|Any CPU
		{18E0CACD-ACD7-4290-B3F7-E3B2AB04F7CD}.Debug|Any CPU.ActiveCfg = Debug|Any CPU
		{18E0CACD-ACD7-4290-B3F7-E3B2AB04F7CD}.Debug|Any CPU.Build.0 = Debug|Any CPU
		{18E0CACD-ACD7-4290-B3F7-E3B2AB04F7CD}.Release|Any CPU.ActiveCfg = Release|Any CPU
		{18E0CACD-ACD7-4290-B3F7-E3B2AB04F7CD}.Release|Any CPU.Build.0 = Release|Any CPU
		{DA101C6E-9796-4D03-9C82-641FD02D9A65}.Debug|Any CPU.ActiveCfg = Debug|Any CPU
		{DA101C6E-9796-4D03-9C82-641FD02D9A65}.Debug|Any CPU.Build.0 = Debug|Any CPU
		{DA101C6E-9796-4D03-9C82-641FD02D9A65}.Release|Any CPU.ActiveCfg = Release|Any CPU
		{DA101C6E-9796-4D03-9C82-641FD02D9A65}.Release|Any CPU.Build.0 = Release|Any CPU
		{BDAA9AD8-FBD5-44EF-82D6-4F3EB0E465D1}.Debug|Any CPU.ActiveCfg = Debug|Any CPU
		{BDAA9AD8-FBD5-44EF-82D6-4F3EB0E465D1}.Debug|Any CPU.Build.0 = Debug|Any CPU
		{BDAA9AD8-FBD5-44EF-82D6-4F3EB0E465D1}.Release|Any CPU.ActiveCfg = Release|Any CPU
		{BDAA9AD8-FBD5-44EF-82D6-4F3EB0E465D1}.Release|Any CPU.Build.0 = Release|Any CPU
		{4A60BCAD-B15A-4741-B56D-EB4EBC029BC1}.Debug|Any CPU.ActiveCfg = Debug|Any CPU
		{4A60BCAD-B15A-4741-B56D-EB4EBC029BC1}.Debug|Any CPU.Build.0 = Debug|Any CPU
		{4A60BCAD-B15A-4741-B56D-EB4EBC029BC1}.Release|Any CPU.ActiveCfg = Release|Any CPU
		{4A60BCAD-B15A-4741-B56D-EB4EBC029BC1}.Release|Any CPU.Build.0 = Release|Any CPU
		{33C8D51E-1443-4E32-82DF-B0A712C2D773}.Debug|Any CPU.ActiveCfg = Debug|Any CPU
		{33C8D51E-1443-4E32-82DF-B0A712C2D773}.Debug|Any CPU.Build.0 = Debug|Any CPU
		{33C8D51E-1443-4E32-82DF-B0A712C2D773}.Release|Any CPU.ActiveCfg = Release|Any CPU
		{33C8D51E-1443-4E32-82DF-B0A712C2D773}.Release|Any CPU.Build.0 = Release|Any CPU
		{89F0F8DB-EEE5-452B-A304-8F752129B1EE}.Debug|Any CPU.ActiveCfg = Debug|Any CPU
		{89F0F8DB-EEE5-452B-A304-8F752129B1EE}.Debug|Any CPU.Build.0 = Debug|Any CPU
		{89F0F8DB-EEE5-452B-A304-8F752129B1EE}.Release|Any CPU.ActiveCfg = Release|Any CPU
		{89F0F8DB-EEE5-452B-A304-8F752129B1EE}.Release|Any CPU.Build.0 = Release|Any CPU
		{36C72C14-75C6-4225-BCC2-9C58F52C4ABD}.Debug|Any CPU.ActiveCfg = Debug|Any CPU
		{36C72C14-75C6-4225-BCC2-9C58F52C4ABD}.Debug|Any CPU.Build.0 = Debug|Any CPU
		{36C72C14-75C6-4225-BCC2-9C58F52C4ABD}.Release|Any CPU.ActiveCfg = Release|Any CPU
		{36C72C14-75C6-4225-BCC2-9C58F52C4ABD}.Release|Any CPU.Build.0 = Release|Any CPU
		{377D4571-0138-495B-95E2-A613E01DDED7}.Debug|Any CPU.ActiveCfg = Debug|Any CPU
		{377D4571-0138-495B-95E2-A613E01DDED7}.Debug|Any CPU.Build.0 = Debug|Any CPU
		{377D4571-0138-495B-95E2-A613E01DDED7}.Release|Any CPU.ActiveCfg = Release|Any CPU
		{377D4571-0138-495B-95E2-A613E01DDED7}.Release|Any CPU.Build.0 = Release|Any CPU
		{927CA711-744B-44E3-BF41-7A5BA1A1BBEB}.Debug|Any CPU.ActiveCfg = Debug|Any CPU
		{927CA711-744B-44E3-BF41-7A5BA1A1BBEB}.Debug|Any CPU.Build.0 = Debug|Any CPU
		{927CA711-744B-44E3-BF41-7A5BA1A1BBEB}.Release|Any CPU.ActiveCfg = Release|Any CPU
		{927CA711-744B-44E3-BF41-7A5BA1A1BBEB}.Release|Any CPU.Build.0 = Release|Any CPU
	EndGlobalSection
	GlobalSection(SolutionProperties) = preSolution
		HideSolutionNode = FALSE
	EndGlobalSection
	GlobalSection(NestedProjects) = preSolution
		{2AEABE20-5E8F-4310-A228-66BD3D434683} = {9C2D176A-8577-4BC5-8A5A-732598F41DF4}
		{D93EE329-68D8-48FE-873E-E632B12D5B03} = {9C2D176A-8577-4BC5-8A5A-732598F41DF4}
		{D72F14A9-4848-4405-AA6E-99EBF8213609} = {9C2D176A-8577-4BC5-8A5A-732598F41DF4}
		{AD8670C0-923C-4F6E-B38F-37C81FA163BC} = {9C2D176A-8577-4BC5-8A5A-732598F41DF4}
		{30DF3E60-A72C-434F-A8A4-FA337DC3D6DD} = {9C2D176A-8577-4BC5-8A5A-732598F41DF4}
		{121C8767-E4C9-46D3-8B00-FC7552F466B1} = {49186A64-03F8-4665-9134-51C09B9FEFEA}
		{621ECD6B-14BD-43F6-8FB3-56207D6F7DDC} = {49186A64-03F8-4665-9134-51C09B9FEFEA}
		{FAB76198-E91D-4C54-9B34-AF4B047AE430} = {CCC6335E-3457-467E-8E2A-A5302EE14FDC}
		{42E6EC06-576C-4D5D-B05C-C15D6DBFE716} = {A38C6D61-645E-4084-8FA2-DDF13DBD2B57}
		{CE3190D1-222A-4890-9AC4-E6589120D8D5} = {A38C6D61-645E-4084-8FA2-DDF13DBD2B57}
		{4A399968-0E3B-4D16-8A93-3C150E4D8CAC} = {CCC6335E-3457-467E-8E2A-A5302EE14FDC}
		{07632E1B-A1F1-4004-9DD9-91723DD7C251} = {CCC6335E-3457-467E-8E2A-A5302EE14FDC}
		{1345186B-AF53-4DB9-A1D9-64EC7F14EE2F} = {CB4AC560-D186-4BB4-BEB2-AA70ED92AF07}
		{C38572B8-C45A-4CB2-8376-944AA0F22150} = {CB4AC560-D186-4BB4-BEB2-AA70ED92AF07}
		{E2C838D1-1F3C-4253-ABEC-0C325B4E6E43} = {CB4AC560-D186-4BB4-BEB2-AA70ED92AF07}
		{DF08645C-4F59-4FF1-B448-EA161E055504} = {CB4AC560-D186-4BB4-BEB2-AA70ED92AF07}
		{4799D047-2620-46AE-824F-A6CD80803F25} = {CB4AC560-D186-4BB4-BEB2-AA70ED92AF07}
		{E0FEC402-4E6D-449A-8C8B-09FAC99299F9} = {CB4AC560-D186-4BB4-BEB2-AA70ED92AF07}
		{D9F2D502-991D-4985-92B6-ED810B2856D5} = {CB4AC560-D186-4BB4-BEB2-AA70ED92AF07}
		{E5FE173D-EE1B-46D5-9045-C7781EBDB0E0} = {CB4AC560-D186-4BB4-BEB2-AA70ED92AF07}
		{9EE03764-4F87-4D27-9C2A-D54E0228C326} = {CB4AC560-D186-4BB4-BEB2-AA70ED92AF07}
		{017DE92A-3B76-4545-915B-7EEBA3280900} = {CB4AC560-D186-4BB4-BEB2-AA70ED92AF07}
		{28619ECB-99C1-463C-9BEB-98EE74D594E7} = {9C2D176A-8577-4BC5-8A5A-732598F41DF4}
		{21BFC38A-87CD-44DF-A08B-1EA731793CE4} = {49186A64-03F8-4665-9134-51C09B9FEFEA}
		{37A17766-3868-46D3-9B50-B419CB53504A} = {9C2D176A-8577-4BC5-8A5A-732598F41DF4}
		{BFC8E88F-87B4-4506-9E9D-CE77BFA4631B} = {CB4AC560-D186-4BB4-BEB2-AA70ED92AF07}
		{4D5C35C9-6C0B-45D2-AF7B-E33C72053E24} = {A38C6D61-645E-4084-8FA2-DDF13DBD2B57}
		{FE0A7396-A691-42AC-9532-2B00B4ED9657} = {A38C6D61-645E-4084-8FA2-DDF13DBD2B57}
		{988407CB-7C61-4992-814C-C1EA79738CB5} = {A38C6D61-645E-4084-8FA2-DDF13DBD2B57}
		{1ADF139E-6F4A-4543-8B23-5807B0BABC31} = {A38C6D61-645E-4084-8FA2-DDF13DBD2B57}
		{498B54E6-6F68-4B16-99A4-271FD9C56906} = {A38C6D61-645E-4084-8FA2-DDF13DBD2B57}
		{35D71BEA-FAC7-4157-B2EF-1D51E614D277} = {A38C6D61-645E-4084-8FA2-DDF13DBD2B57}
		{5CD58586-9E66-4E33-8013-0A56FFA4D7CA} = {A38C6D61-645E-4084-8FA2-DDF13DBD2B57}
		{C16EE71C-9D69-46E5-A99A-E13C29BF5364} = {A38C6D61-645E-4084-8FA2-DDF13DBD2B57}
		{B941C006-235C-40DD-B2FC-BC4232772DF2} = {CCC6335E-3457-467E-8E2A-A5302EE14FDC}
		{BC9C07CA-5F33-4ACF-A3F1-44846F4B2431} = {A38C6D61-645E-4084-8FA2-DDF13DBD2B57}
		{D63AE434-F22A-4C36-8EC3-2A75280D5007} = {A38C6D61-645E-4084-8FA2-DDF13DBD2B57}
		{C7B72BD9-988B-4EB4-8BBF-3DEB79E7CA7D} = {91E1A192-3D23-4E7C-8F9F-C1E69860A9EB}
		{6604BEFE-B5E6-4A24-9F50-174004DD4EB2} = {91E1A192-3D23-4E7C-8F9F-C1E69860A9EB}
		{1969A3B8-838A-4418-9F95-4E6FD6272F2D} = {CCC6335E-3457-467E-8E2A-A5302EE14FDC}
		{1B2DC2F3-9190-4083-BAA8-6D0F29788113} = {A38C6D61-645E-4084-8FA2-DDF13DBD2B57}
		{C2CD0031-BD6C-47A3-9E26-01AB5725448A} = {CCC6335E-3457-467E-8E2A-A5302EE14FDC}
		{ED6FD6CC-4DCC-401D-B41C-737469BDBA57} = {BF280740-314D-4F45-9D62-40079957B464}
		{18E0CACD-ACD7-4290-B3F7-E3B2AB04F7CD} = {CCC6335E-3457-467E-8E2A-A5302EE14FDC}
		{DA101C6E-9796-4D03-9C82-641FD02D9A65} = {A38C6D61-645E-4084-8FA2-DDF13DBD2B57}
		{BDAA9AD8-FBD5-44EF-82D6-4F3EB0E465D1} = {CCC6335E-3457-467E-8E2A-A5302EE14FDC}
		{33C8D51E-1443-4E32-82DF-B0A712C2D773} = {91E1A192-3D23-4E7C-8F9F-C1E69860A9EB}
		{89F0F8DB-EEE5-452B-A304-8F752129B1EE} = {A38C6D61-645E-4084-8FA2-DDF13DBD2B57}
		{36C72C14-75C6-4225-BCC2-9C58F52C4ABD} = {A38C6D61-645E-4084-8FA2-DDF13DBD2B57}
		{377D4571-0138-495B-95E2-A613E01DDED7} = {A38C6D61-645E-4084-8FA2-DDF13DBD2B57}
	EndGlobalSection
	GlobalSection(ExtensibilityGlobals) = postSolution
		EnterpriseLibraryConfigurationToolBinariesPathV6 = packages\EnterpriseLibrary.Common.6.0.1304.0\lib\NET45;packages\EnterpriseLibrary.ExceptionHandling.6.0.1304.0\lib\NET45;packages\EnterpriseLibrary.Logging.6.0.1304.0\lib\NET45;packages\EnterpriseLibrary.ExceptionHandling.Logging.6.0.1304.0\lib\NET45
	EndGlobalSection
EndGlobal
